
Microsoft Visual Studio Solution File, Format Version 12.00
# Visual Studio 15
Project("{FAE04EC0-301F-11D3-BF4B-00C04F79EFBC}") = "NetCorePatternsCommon", "NetCorePatternsCommon\NetCorePatternsCommon.csproj", "{A6ADC77C-CB72-4EFB-AA83-08FAF543C075}"
EndProject
Project("{FAE04EC0-301F-11D3-BF4B-00C04F79EFBC}") = "BuilderFluent", "BuilderFluent\BuilderFluent.csproj", "{8A1249D0-721B-4456-A76F-25BF7FF38296}"
EndProject
Global
	GlobalSection(SolutionConfigurationPlatforms) = preSolution
		Debug|Any CPU = Debug|Any CPU
		Release|Any CPU = Release|Any CPU
	EndGlobalSection
	GlobalSection(ProjectConfigurationPlatforms) = postSolution
		{A6ADC77C-CB72-4EFB-AA83-08FAF543C075}.Debug|Any CPU.ActiveCfg = Debug|Any CPU
		{A6ADC77C-CB72-4EFB-AA83-08FAF543C075}.Debug|Any CPU.Build.0 = Debug|Any CPU
		{A6ADC77C-CB72-4EFB-AA83-08FAF543C075}.Release|Any CPU.ActiveCfg = Release|Any CPU
		{A6ADC77C-CB72-4EFB-AA83-08FAF543C075}.Release|Any CPU.Build.0 = Release|Any CPU
		{8A1249D0-721B-4456-A76F-25BF7FF38296}.Debug|Any CPU.ActiveCfg = Debug|Any CPU
		{8A1249D0-721B-4456-A76F-25BF7FF38296}.Debug|Any CPU.Build.0 = Debug|Any CPU
		{8A1249D0-721B-4456-A76F-25BF7FF38296}.Release|Any CPU.ActiveCfg = Release|Any CPU
		{8A1249D0-721B-4456-A76F-25BF7FF38296}.Release|Any CPU.Build.0 = Release|Any CPU
	EndGlobalSection
EndGlobal
